// !$*UTF8*$!
{
	archiveVersion = 1;
	classes = {
	};
	objectVersion = 46;
	objects = {

/* Begin PBXBuildFile section */
		3C6526861F13688600D391DE /* AppDelegate.swift in Sources */ = {isa = PBXBuildFile; fileRef = 3C6526851F13688600D391DE /* AppDelegate.swift */; };
		3C6526881F13688600D391DE /* ViewController.swift in Sources */ = {isa = PBXBuildFile; fileRef = 3C6526871F13688600D391DE /* ViewController.swift */; };
		3C65268B1F13688600D391DE /* Main.storyboard in Resources */ = {isa = PBXBuildFile; fileRef = 3C6526891F13688600D391DE /* Main.storyboard */; };
		3C65268D1F13688600D391DE /* Assets.xcassets in Resources */ = {isa = PBXBuildFile; fileRef = 3C65268C1F13688600D391DE /* Assets.xcassets */; };
		3C6526901F13688600D391DE /* LaunchScreen.storyboard in Resources */ = {isa = PBXBuildFile; fileRef = 3C65268E1F13688600D391DE /* LaunchScreen.storyboard */; };
		3C65269B1F13688600D391DE /* MoneyKeeperTests.swift in Sources */ = {isa = PBXBuildFile; fileRef = 3C65269A1F13688600D391DE /* MoneyKeeperTests.swift */; };
		3C6526A61F13688600D391DE /* MoneyKeeperUITests.swift in Sources */ = {isa = PBXBuildFile; fileRef = 3C6526A51F13688600D391DE /* MoneyKeeperUITests.swift */; };
/* End PBXBuildFile section */

/* Begin PBXContainerItemProxy section */
		3C6526971F13688600D391DE /* PBXContainerItemProxy */ = {
			isa = PBXContainerItemProxy;
			containerPortal = 3C65267A1F13688600D391DE /* Project object */;
			proxyType = 1;
			remoteGlobalIDString = 3C6526811F13688600D391DE;
			remoteInfo = MoneyKeeper;
		};
		3C6526A21F13688600D391DE /* PBXContainerItemProxy */ = {
			isa = PBXContainerItemProxy;
			containerPortal = 3C65267A1F13688600D391DE /* Project object */;
			proxyType = 1;
			remoteGlobalIDString = 3C6526811F13688600D391DE;
			remoteInfo = MoneyKeeper;
		};
/* End PBXContainerItemProxy section */

/* Begin PBXFileReference section */
		3C6526821F13688600D391DE /* MoneyKeeper.app */ = {isa = PBXFileReference; explicitFileType = wrapper.application; includeInIndex = 0; path = MoneyKeeper.app; sourceTree = BUILT_PRODUCTS_DIR; };
		3C6526851F13688600D391DE /* AppDelegate.swift */ = {isa = PBXFileReference; lastKnownFileType = sourcecode.swift; path = AppDelegate.swift; sourceTree = "<group>"; };
		3C6526871F13688600D391DE /* ViewController.swift */ = {isa = PBXFileReference; lastKnownFileType = sourcecode.swift; path = ViewController.swift; sourceTree = "<group>"; };
		3C65268A1F13688600D391DE /* Base */ = {isa = PBXFileReference; lastKnownFileType = file.storyboard; name = Base; path = Base.lproj/Main.storyboard; sourceTree = "<group>"; };
		3C65268C1F13688600D391DE /* Assets.xcassets */ = {isa = PBXFileReference; lastKnownFileType = folder.assetcatalog; path = Assets.xcassets; sourceTree = "<group>"; };
		3C65268F1F13688600D391DE /* Base */ = {isa = PBXFileReference; lastKnownFileType = file.storyboard; name = Base; path = Base.lproj/LaunchScreen.storyboard; sourceTree = "<group>"; };
		3C6526911F13688600D391DE /* Info.plist */ = {isa = PBXFileReference; lastKnownFileType = text.plist.xml; path = Info.plist; sourceTree = "<group>"; };
		3C6526961F13688600D391DE /* MoneyKeeperTests.xctest */ = {isa = PBXFileReference; explicitFileType = wrapper.cfbundle; includeInIndex = 0; path = MoneyKeeperTests.xctest; sourceTree = BUILT_PRODUCTS_DIR; };
		3C65269A1F13688600D391DE /* MoneyKeeperTests.swift */ = {isa = PBXFileReference; lastKnownFileType = sourcecode.swift; path = MoneyKeeperTests.swift; sourceTree = "<group>"; };
		3C65269C1F13688600D391DE /* Info.plist */ = {isa = PBXFileReference; lastKnownFileType = text.plist.xml; path = Info.plist; sourceTree = "<group>"; };
		3C6526A11F13688600D391DE /* MoneyKeeperUITests.xctest */ = {isa = PBXFileReference; explicitFileType = wrapper.cfbundle; includeInIndex = 0; path = MoneyKeeperUITests.xctest; sourceTree = BUILT_PRODUCTS_DIR; };
		3C6526A51F13688600D391DE /* MoneyKeeperUITests.swift */ = {isa = PBXFileReference; lastKnownFileType = sourcecode.swift; path = MoneyKeeperUITests.swift; sourceTree = "<group>"; };
		3C6526A71F13688600D391DE /* Info.plist */ = {isa = PBXFileReference; lastKnownFileType = text.plist.xml; path = Info.plist; sourceTree = "<group>"; };
/* End PBXFileReference section */

/* Begin PBXFrameworksBuildPhase section */
		3C65267F1F13688600D391DE /* Frameworks */ = {
			isa = PBXFrameworksBuildPhase;
			buildActionMask = 2147483647;
			files = (
			);
			runOnlyForDeploymentPostprocessing = 0;
		};
		3C6526931F13688600D391DE /* Frameworks */ = {
			isa = PBXFrameworksBuildPhase;
			buildActionMask = 2147483647;
			files = (
			);
			runOnlyForDeploymentPostprocessing = 0;
		};
		3C65269E1F13688600D391DE /* Frameworks */ = {
			isa = PBXFrameworksBuildPhase;
			buildActionMask = 2147483647;
			files = (
			);
			runOnlyForDeploymentPostprocessing = 0;
		};
/* End PBXFrameworksBuildPhase section */

/* Begin PBXGroup section */
		3C6526791F13688600D391DE = {
			isa = PBXGroup;
			children = (
				3C6526841F13688600D391DE /* MoneyKeeper */,
				3C6526991F13688600D391DE /* MoneyKeeperTests */,
				3C6526A41F13688600D391DE /* MoneyKeeperUITests */,
				3C6526831F13688600D391DE /* Products */,
			);
			sourceTree = "<group>";
		};
		3C6526831F13688600D391DE /* Products */ = {
			isa = PBXGroup;
			children = (
				3C6526821F13688600D391DE /* MoneyKeeper.app */,
				3C6526961F13688600D391DE /* MoneyKeeperTests.xctest */,
				3C6526A11F13688600D391DE /* MoneyKeeperUITests.xctest */,
			);
			name = Products;
			sourceTree = "<group>";
		};
		3C6526841F13688600D391DE /* MoneyKeeper */ = {
			isa = PBXGroup;
			children = (
				3C6526851F13688600D391DE /* AppDelegate.swift */,
				3C6526871F13688600D391DE /* ViewController.swift */,
				3C6526891F13688600D391DE /* Main.storyboard */,
				3C65268C1F13688600D391DE /* Assets.xcassets */,
				3C65268E1F13688600D391DE /* LaunchScreen.storyboard */,
				3C6526911F13688600D391DE /* Info.plist */,
			);
			path = MoneyKeeper;
			sourceTree = "<group>";
		};
		3C6526991F13688600D391DE /* MoneyKeeperTests */ = {
			isa = PBXGroup;
			children = (
				3C65269A1F13688600D391DE /* MoneyKeeperTests.swift */,
				3C65269C1F13688600D391DE /* Info.plist */,
			);
			path = MoneyKeeperTests;
			sourceTree = "<group>";
		};
		3C6526A41F13688600D391DE /* MoneyKeeperUITests */ = {
			isa = PBXGroup;
			children = (
				3C6526A51F13688600D391DE /* MoneyKeeperUITests.swift */,
				3C6526A71F13688600D391DE /* Info.plist */,
			);
			path = MoneyKeeperUITests;
			sourceTree = "<group>";
		};
/* End PBXGroup section */

/* Begin PBXNativeTarget section */
		3C6526811F13688600D391DE /* MoneyKeeper */ = {
			isa = PBXNativeTarget;
			buildConfigurationList = 3C6526AA1F13688600D391DE /* Build configuration list for PBXNativeTarget "MoneyKeeper" */;
			buildPhases = (
				3C65267E1F13688600D391DE /* Sources */,
				3C65267F1F13688600D391DE /* Frameworks */,
				3C6526801F13688600D391DE /* Resources */,
			);
			buildRules = (
			);
			dependencies = (
			);
			name = MoneyKeeper;
			productName = MoneyKeeper;
			productReference = 3C6526821F13688600D391DE /* MoneyKeeper.app */;
			productType = "com.apple.product-type.application";
		};
		3C6526951F13688600D391DE /* MoneyKeeperTests */ = {
			isa = PBXNativeTarget;
			buildConfigurationList = 3C6526AD1F13688600D391DE /* Build configuration list for PBXNativeTarget "MoneyKeeperTests" */;
			buildPhases = (
				3C6526921F13688600D391DE /* Sources */,
				3C6526931F13688600D391DE /* Frameworks */,
				3C6526941F13688600D391DE /* Resources */,
			);
			buildRules = (
			);
			dependencies = (
				3C6526981F13688600D391DE /* PBXTargetDependency */,
			);
			name = MoneyKeeperTests;
			productName = MoneyKeeperTests;
			productReference = 3C6526961F13688600D391DE /* MoneyKeeperTests.xctest */;
			productType = "com.apple.product-type.bundle.unit-test";
		};
		3C6526A01F13688600D391DE /* MoneyKeeperUITests */ = {
			isa = PBXNativeTarget;
			buildConfigurationList = 3C6526B01F13688600D391DE /* Build configuration list for PBXNativeTarget "MoneyKeeperUITests" */;
			buildPhases = (
				3C65269D1F13688600D391DE /* Sources */,
				3C65269E1F13688600D391DE /* Frameworks */,
				3C65269F1F13688600D391DE /* Resources */,
			);
			buildRules = (
			);
			dependencies = (
				3C6526A31F13688600D391DE /* PBXTargetDependency */,
			);
			name = MoneyKeeperUITests;
			productName = MoneyKeeperUITests;
			productReference = 3C6526A11F13688600D391DE /* MoneyKeeperUITests.xctest */;
			productType = "com.apple.product-type.bundle.ui-testing";
		};
/* End PBXNativeTarget section */

/* Begin PBXProject section */
		3C65267A1F13688600D391DE /* Project object */ = {
			isa = PBXProject;
			attributes = {
				LastSwiftUpdateCheck = 0830;
				LastUpgradeCheck = 0830;
				ORGANIZATIONNAME = Dung;
				TargetAttributes = {
					3C6526811F13688600D391DE = {
						CreatedOnToolsVersion = 8.3.2;
						DevelopmentTeam = 6U4488G2DP;
						ProvisioningStyle = Automatic;
					};
					3C6526951F13688600D391DE = {
						CreatedOnToolsVersion = 8.3.2;
						DevelopmentTeam = 6U4488G2DP;
						ProvisioningStyle = Automatic;
						TestTargetID = 3C6526811F13688600D391DE;
					};
					3C6526A01F13688600D391DE = {
						CreatedOnToolsVersion = 8.3.2;
						DevelopmentTeam = 6U4488G2DP;
						ProvisioningStyle = Automatic;
						TestTargetID = 3C6526811F13688600D391DE;
					};
				};
			};
			buildConfigurationList = 3C65267D1F13688600D391DE /* Build configuration list for PBXProject "MoneyKeeper" */;
			compatibilityVersion = "Xcode 3.2";
			developmentRegion = English;
			hasScannedForEncodings = 0;
			knownRegions = (
				en,
				Base,
			);
			mainGroup = 3C6526791F13688600D391DE;
			productRefGroup = 3C6526831F13688600D391DE /* Products */;
			projectDirPath = "";
			projectRoot = "";
			targets = (
				3C6526811F13688600D391DE /* MoneyKeeper */,
				3C6526951F13688600D391DE /* MoneyKeeperTests */,
				3C6526A01F13688600D391DE /* MoneyKeeperUITests */,
			);
		};
/* End PBXProject section */

/* Begin PBXResourcesBuildPhase section */
		3C6526801F13688600D391DE /* Resources */ = {
			isa = PBXResourcesBuildPhase;
			buildActionMask = 2147483647;
			files = (
				3C6526901F13688600D391DE /* LaunchScreen.storyboard in Resources */,
				3C65268D1F13688600D391DE /* Assets.xcassets in Resources */,
				3C65268B1F13688600D391DE /* Main.storyboard in Resources */,
			);
			runOnlyForDeploymentPostprocessing = 0;
		};
		3C6526941F13688600D391DE /* Resources */ = {
			isa = PBXResourcesBuildPhase;
			buildActionMask = 2147483647;
			files = (
			);
			runOnlyForDeploymentPostprocessing = 0;
		};
		3C65269F1F13688600D391DE /* Resources */ = {
			isa = PBXResourcesBuildPhase;
			buildActionMask = 2147483647;
			files = (
			);
			runOnlyForDeploymentPostprocessing = 0;
		};
/* End PBXResourcesBuildPhase section */

/* Begin PBXSourcesBuildPhase section */
		3C65267E1F13688600D391DE /* Sources */ = {
			isa = PBXSourcesBuildPhase;
			buildActionMask = 2147483647;
			files = (
				3C6526881F13688600D391DE /* ViewController.swift in Sources */,
				3C6526861F13688600D391DE /* AppDelegate.swift in Sources */,
			);
			runOnlyForDeploymentPostprocessing = 0;
		};
		3C6526921F13688600D391DE /* Sources */ = {
			isa = PBXSourcesBuildPhase;
			buildActionMask = 2147483647;
			files = (
				3C65269B1F13688600D391DE /* MoneyKeeperTests.swift in Sources */,
			);
			runOnlyForDeploymentPostprocessing = 0;
		};
		3C65269D1F13688600D391DE /* Sources */ = {
			isa = PBXSourcesBuildPhase;
			buildActionMask = 2147483647;
			files = (
				3C6526A61F13688600D391DE /* MoneyKeeperUITests.swift in Sources */,
			);
			runOnlyForDeploymentPostprocessing = 0;
		};
/* End PBXSourcesBuildPhase section */

/* Begin PBXTargetDependency section */
		3C6526981F13688600D391DE /* PBXTargetDependency */ = {
			isa = PBXTargetDependency;
			target = 3C6526811F13688600D391DE /* MoneyKeeper */;
			targetProxy = 3C6526971F13688600D391DE /* PBXContainerItemProxy */;
		};
		3C6526A31F13688600D391DE /* PBXTargetDependency */ = {
			isa = PBXTargetDependency;
			target = 3C6526811F13688600D391DE /* MoneyKeeper */;
			targetProxy = 3C6526A21F13688600D391DE /* PBXContainerItemProxy */;
		};
/* End PBXTargetDependency section */

/* Begin PBXVariantGroup section */
		3C6526891F13688600D391DE /* Main.storyboard */ = {
			isa = PBXVariantGroup;
			children = (
				3C65268A1F13688600D391DE /* Base */,
			);
			name = Main.storyboard;
			sourceTree = "<group>";
		};
		3C65268E1F13688600D391DE /* LaunchScreen.storyboard */ = {
			isa = PBXVariantGroup;
			children = (
				3C65268F1F13688600D391DE /* Base */,
			);
			name = LaunchScreen.storyboard;
			sourceTree = "<group>";
		};
/* End PBXVariantGroup section */

/* Begin XCBuildConfiguration section */
		3C6526A81F13688600D391DE /* Debug */ = {
			isa = XCBuildConfiguration;
			buildSettings = {
				ALWAYS_SEARCH_USER_PATHS = NO;
				CLANG_ANALYZER_NONNULL = YES;
				CLANG_ANALYZER_NUMBER_OBJECT_CONVERSION = YES_AGGRESSIVE;
				CLANG_CXX_LANGUAGE_STANDARD = "gnu++0x";
				CLANG_CXX_LIBRARY = "libc++";
				CLANG_ENABLE_MODULES = YES;
				CLANG_ENABLE_OBJC_ARC = YES;
				CLANG_WARN_BOOL_CONVERSION = YES;
				CLANG_WARN_CONSTANT_CONVERSION = YES;
				CLANG_WARN_DIRECT_OBJC_ISA_USAGE = YES_ERROR;
				CLANG_WARN_DOCUMENTATION_COMMENTS = YES;
				CLANG_WARN_EMPTY_BODY = YES;
				CLANG_WARN_ENUM_CONVERSION = YES;
				CLANG_WARN_INFINITE_RECURSION = YES;
				CLANG_WARN_INT_CONVERSION = YES;
				CLANG_WARN_OBJC_ROOT_CLASS = YES_ERROR;
				CLANG_WARN_SUSPICIOUS_MOVE = YES;
				CLANG_WARN_UNREACHABLE_CODE = YES;
				CLANG_WARN__DUPLICATE_METHOD_MATCH = YES;
				"CODE_SIGN_IDENTITY[sdk=iphoneos*]" = "iPhone Developer";
				COPY_PHASE_STRIP = NO;
				DEBUG_INFORMATION_FORMAT = dwarf;
				ENABLE_STRICT_OBJC_MSGSEND = YES;
				ENABLE_TESTABILITY = YES;
				GCC_C_LANGUAGE_STANDARD = gnu99;
				GCC_DYNAMIC_NO_PIC = NO;
				GCC_NO_COMMON_BLOCKS = YES;
				GCC_OPTIMIZATION_LEVEL = 0;
				GCC_PREPROCESSOR_DEFINITIONS = (
					"DEBUG=1",
					"$(inherited)",
				);
				GCC_WARN_64_TO_32_BIT_CONVERSION = YES;
				GCC_WARN_ABOUT_RETURN_TYPE = YES_ERROR;
				GCC_WARN_UNDECLARED_SELECTOR = YES;
				GCC_WARN_UNINITIALIZED_AUTOS = YES_AGGRESSIVE;
				GCC_WARN_UNUSED_FUNCTION = YES;
				GCC_WARN_UNUSED_VARIABLE = YES;
				IPHONEOS_DEPLOYMENT_TARGET = 10.3;
				MTL_ENABLE_DEBUG_INFO = YES;
				ONLY_ACTIVE_ARCH = YES;
				SDKROOT = iphoneos;
				SWIFT_ACTIVE_COMPILATION_CONDITIONS = DEBUG;
				SWIFT_OPTIMIZATION_LEVEL = "-Onone";
				TARGETED_DEVICE_FAMILY = "1,2";
			};
			name = Debug;
		};
		3C6526A91F13688600D391DE /* Release */ = {
			isa = XCBuildConfiguration;
			buildSettings = {
				ALWAYS_SEARCH_USER_PATHS = NO;
				CLANG_ANALYZER_NONNULL = YES;
				CLANG_ANALYZER_NUMBER_OBJECT_CONVERSION = YES_AGGRESSIVE;
				CLANG_CXX_LANGUAGE_STANDARD = "gnu++0x";
				CLANG_CXX_LIBRARY = "libc++";
				CLANG_ENABLE_MODULES = YES;
				CLANG_ENABLE_OBJC_ARC = YES;
				CLANG_WARN_BOOL_CONVERSION = YES;
				CLANG_WARN_CONSTANT_CONVERSION = YES;
				CLANG_WARN_DIRECT_OBJC_ISA_USAGE = YES_ERROR;
				CLANG_WARN_DOCUMENTATION_COMMENTS = YES;
				CLANG_WARN_EMPTY_BODY = YES;
				CLANG_WARN_ENUM_CONVERSION = YES;
				CLANG_WARN_INFINITE_RECURSION = YES;
				CLANG_WARN_INT_CONVERSION = YES;
				CLANG_WARN_OBJC_ROOT_CLASS = YES_ERROR;
				CLANG_WARN_SUSPICIOUS_MOVE = YES;
				CLANG_WARN_UNREACHABLE_CODE = YES;
				CLANG_WARN__DUPLICATE_METHOD_MATCH = YES;
				"CODE_SIGN_IDENTITY[sdk=iphoneos*]" = "iPhone Developer";
				COPY_PHASE_STRIP = NO;
				DEBUG_INFORMATION_FORMAT = "dwarf-with-dsym";
				ENABLE_NS_ASSERTIONS = NO;
				ENABLE_STRICT_OBJC_MSGSEND = YES;
				GCC_C_LANGUAGE_STANDARD = gnu99;
				GCC_NO_COMMON_BLOCKS = YES;
				GCC_WARN_64_TO_32_BIT_CONVERSION = YES;
				GCC_WARN_ABOUT_RETURN_TYPE = YES_ERROR;
				GCC_WARN_UNDECLARED_SELECTOR = YES;
				GCC_WARN_UNINITIALIZED_AUTOS = YES_AGGRESSIVE;
				GCC_WARN_UNUSED_FUNCTION = YES;
				GCC_WARN_UNUSED_VARIABLE = YES;
				IPHONEOS_DEPLOYMENT_TARGET = 10.3;
				MTL_ENABLE_DEBUG_INFO = NO;
				SDKROOT = iphoneos;
				SWIFT_OPTIMIZATION_LEVEL = "-Owholemodule";
				TARGETED_DEVICE_FAMILY = "1,2";
				VALIDATE_PRODUCT = YES;
			};
			name = Release;
		};
		3C6526AB1F13688600D391DE /* Debug */ = {
			isa = XCBuildConfiguration;
			buildSettings = {
				ASSETCATALOG_COMPILER_APPICON_NAME = AppIcon;
				DEVELOPMENT_TEAM = 6U4488G2DP;
				INFOPLIST_FILE = MoneyKeeper/Info.plist;
				LD_RUNPATH_SEARCH_PATHS = "$(inherited) @executable_path/Frameworks";
				PRODUCT_BUNDLE_IDENTIFIER = com.dungkv.MoneyKeeper;
				PRODUCT_NAME = "$(TARGET_NAME)";
				SWIFT_VERSION = 3.0;
			};
			name = Debug;
		};
		3C6526AC1F13688600D391DE /* Release */ = {
			isa = XCBuildConfiguration;
			buildSettings = {
				ASSETCATALOG_COMPILER_APPICON_NAME = AppIcon;
				DEVELOPMENT_TEAM = 6U4488G2DP;
				INFOPLIST_FILE = MoneyKeeper/Info.plist;
				LD_RUNPATH_SEARCH_PATHS = "$(inherited) @executable_path/Frameworks";
				PRODUCT_BUNDLE_IDENTIFIER = com.dungkv.MoneyKeeper;
				PRODUCT_NAME = "$(TARGET_NAME)";
				SWIFT_VERSION = 3.0;
			};
			name = Release;
		};
		3C6526AE1F13688600D391DE /* Debug */ = {
			isa = XCBuildConfiguration;
			buildSettings = {
				ALWAYS_EMBED_SWIFT_STANDARD_LIBRARIES = YES;
				BUNDLE_LOADER = "$(TEST_HOST)";
				DEVELOPMENT_TEAM = 6U4488G2DP;
				INFOPLIST_FILE = MoneyKeeperTests/Info.plist;
				LD_RUNPATH_SEARCH_PATHS = "$(inherited) @executable_path/Frameworks @loader_path/Frameworks";
				PRODUCT_BUNDLE_IDENTIFIER = com.dungkv.MoneyKeeperTests;
				PRODUCT_NAME = "$(TARGET_NAME)";
				SWIFT_VERSION = 3.0;
				TEST_HOST = "$(BUILT_PRODUCTS_DIR)/MoneyKeeper.app/MoneyKeeper";
			};
			name = Debug;
		};
		3C6526AF1F13688600D391DE /* Release */ = {
			isa = XCBuildConfiguration;
			buildSettings = {
				ALWAYS_EMBED_SWIFT_STANDARD_LIBRARIES = YES;
				BUNDLE_LOADER = "$(TEST_HOST)";
				DEVELOPMENT_TEAM = 6U4488G2DP;
				INFOPLIST_FILE = MoneyKeeperTests/Info.plist;
				LD_RUNPATH_SEARCH_PATHS = "$(inherited) @executable_path/Frameworks @loader_path/Frameworks";
				PRODUCT_BUNDLE_IDENTIFIER = com.dungkv.MoneyKeeperTests;
				PRODUCT_NAME = "$(TARGET_NAME)";
				SWIFT_VERSION = 3.0;
				TEST_HOST = "$(BUILT_PRODUCTS_DIR)/MoneyKeeper.app/MoneyKeeper";
			};
			name = Release;
		};
		3C6526B11F13688600D391DE /* Debug */ = {
			isa = XCBuildConfiguration;
			buildSettings = {
				ALWAYS_EMBED_SWIFT_STANDARD_LIBRARIES = YES;
				DEVELOPMENT_TEAM = 6U4488G2DP;
				INFOPLIST_FILE = MoneyKeeperUITests/Info.plist;
				LD_RUNPATH_SEARCH_PATHS = "$(inherited) @executable_path/Frameworks @loader_path/Frameworks";
				PRODUCT_BUNDLE_IDENTIFIER = com.dungkv.MoneyKeeperUITests;
				PRODUCT_NAME = "$(TARGET_NAME)";
				SWIFT_VERSION = 3.0;
				TEST_TARGET_NAME = MoneyKeeper;
			};
			name = Debug;
		};
		3C6526B21F13688600D391DE /* Release */ = {
			isa = XCBuildConfiguration;
			buildSettings = {
				ALWAYS_EMBED_SWIFT_STANDARD_LIBRARIES = YES;
				DEVELOPMENT_TEAM = 6U4488G2DP;
				INFOPLIST_FILE = MoneyKeeperUITests/Info.plist;
				LD_RUNPATH_SEARCH_PATHS = "$(inherited) @executable_path/Frameworks @loader_path/Frameworks";
				PRODUCT_BUNDLE_IDENTIFIER = com.dungkv.MoneyKeeperUITests;
				PRODUCT_NAME = "$(TARGET_NAME)";
				SWIFT_VERSION = 3.0;
				TEST_TARGET_NAME = MoneyKeeper;
			};
			name = Release;
		};
/* End XCBuildConfiguration section */

/* Begin XCConfigurationList section */
		3C65267D1F13688600D391DE /* Build configuration list for PBXProject "MoneyKeeper" */ = {
			isa = XCConfigurationList;
			buildConfigurations = (
				3C6526A81F13688600D391DE /* Debug */,
				3C6526A91F13688600D391DE /* Release */,
			);
			defaultConfigurationIsVisible = 0;
			defaultConfigurationName = Release;
		};
		3C6526AA1F13688600D391DE /* Build configuration list for PBXNativeTarget "MoneyKeeper" */ = {
			isa = XCConfigurationList;
			buildConfigurations = (
				3C6526AB1F13688600D391DE /* Debug */,
				3C6526AC1F13688600D391DE /* Release */,
			);
			defaultConfigurationIsVisible = 0;
		};
		3C6526AD1F13688600D391DE /* Build configuration list for PBXNativeTarget "MoneyKeeperTests" */ = {
			isa = XCConfigurationList;
			buildConfigurations = (
				3C6526AE1F13688600D391DE /* Debug */,
				3C6526AF1F13688600D391DE /* Release */,
			);
			defaultConfigurationIsVisible = 0;
		};
		3C6526B01F13688600D391DE /* Build configuration list for PBXNativeTarget "MoneyKeeperUITests" */ = {
			isa = XCConfigurationList;
			buildConfigurations = (
				3C6526B11F13688600D391DE /* Debug */,
				3C6526B21F13688600D391DE /* Release */,
			);
			defaultConfigurationIsVisible = 0;
		};
/* End XCConfigurationList section */
	};
	rootObject = 3C65267A1F13688600D391DE /* Project object */;
}
